
Microsoft Visual Studio Solution File, Format Version 11.00
# Visual Studio 2010
Project("{FAE04EC0-301F-11D3-BF4B-00C04F79EFBC}") = "Assembly-CSharp", "Assembly-CSharp.csproj", "{ED747382-A38D-A43F-A5A5-ABA293017938}"
EndProject
Project("{FAE04EC0-301F-11D3-BF4B-00C04F79EFBC}") = "Assembly-CSharp-Editor", "Assembly-CSharp-Editor.csproj", "{27E43A77-AABE-F002-7017-743388425D30}"
EndProject
Global
	GlobalSection(SolutionConfigurationPlatforms) = preSolution
		Debug|Any CPU = Debug|Any CPU
		Release|Any CPU = Release|Any CPU
	EndGlobalSection
	GlobalSection(ProjectConfigurationPlatforms) = postSolution
		{ED747382-A38D-A43F-A5A5-ABA293017938}.Debug|Any CPU.ActiveCfg = Debug|Any CPU
		{ED747382-A38D-A43F-A5A5-ABA293017938}.Debug|Any CPU.Build.0 = Debug|Any CPU
		{ED747382-A38D-A43F-A5A5-ABA293017938}.Release|Any CPU.ActiveCfg = Release|Any CPU
		{ED747382-A38D-A43F-A5A5-ABA293017938}.Release|Any CPU.Build.0 = Release|Any CPU
		{27E43A77-AABE-F002-7017-743388425D30}.Debug|Any CPU.ActiveCfg = Debug|Any CPU
		{27E43A77-AABE-F002-7017-743388425D30}.Debug|Any CPU.Build.0 = Debug|Any CPU
		{27E43A77-AABE-F002-7017-743388425D30}.Release|Any CPU.ActiveCfg = Release|Any CPU
		{27E43A77-AABE-F002-7017-743388425D30}.Release|Any CPU.Build.0 = Release|Any CPU
	EndGlobalSection
	GlobalSection(SolutionProperties) = preSolution
		HideSolutionNode = FALSE
	EndGlobalSection
	GlobalSection(MonoDevelopProperties) = preSolution
		StartupItem = Assembly-CSharp.csproj
	EndGlobalSection
EndGlobal
